
Microsoft Visual Studio Solution File, Format Version 12.00
# Visual Studio Version 17
VisualStudioVersion = 17.0.31903.59
MinimumVisualStudioVersion = 10.0.40219.1
Project("{2150E333-8FDC-42A3-9474-1A3956D46DE8}") = "src", "src", "{827E0CD3-B72D-47B6-A68D-7590B98EB39B}"
EndProject
Project("{2150E333-8FDC-42A3-9474-1A3956D46DE8}") = "application", "application", "{22BAF98C-8415-17C4-B26A-D537657BC863}"
EndProject
Project("{FAE04EC0-301F-11D3-BF4B-00C04F79EFBC}") = "VideoService.Application", "src\application\VideoService.Application.csproj", "{CA987C2C-8E55-45BD-AC72-9BB835D8F660}"
EndProject
Project("{FAE04EC0-301F-11D3-BF4B-00C04F79EFBC}") = "VideoService.Domain", "src\domain\VideoService.Domain.csproj", "{21FEE6D3-5EBB-4255-A87E-2946D5F4E6B3}"
EndProject
Project("{FAE04EC0-301F-11D3-BF4B-00C04F79EFBC}") = "VideoService.Infra", "src\infra\VideoService.Infra.csproj", "{35A5BCA1-F5C2-49FC-A156-EF6C1A500B7D}"
EndProject
Project("{FAE04EC0-301F-11D3-BF4B-00C04F79EFBC}") = "VideoService.WebApi", "src\webapi\VideoService.WebApi.csproj", "{E3C66F98-891B-49E6-9D9F-A8C66A52C28A}"
EndProject
Project("{FAE04EC0-301F-11D3-BF4B-00C04F79EFBC}") = "SharedKernel", "..\SharedKernel\src\shared\SharedKernel.csproj", "{76F39225-08CB-4779-9FE6-30226462946F}"
EndProject
Global
	GlobalSection(SolutionConfigurationPlatforms) = preSolution
		Debug|Any CPU = Debug|Any CPU
		Debug|x64 = Debug|x64
		Debug|x86 = Debug|x86
		Release|Any CPU = Release|Any CPU
		Release|x64 = Release|x64
		Release|x86 = Release|x86
	EndGlobalSection
	GlobalSection(ProjectConfigurationPlatforms) = postSolution
		{CA987C2C-8E55-45BD-AC72-9BB835D8F660}.Debug|Any CPU.ActiveCfg = Debug|Any CPU
		{CA987C2C-8E55-45BD-AC72-9BB835D8F660}.Debug|Any CPU.Build.0 = Debug|Any CPU
		{CA987C2C-8E55-45BD-AC72-9BB835D8F660}.Debug|x64.ActiveCfg = Debug|Any CPU
		{CA987C2C-8E55-45BD-AC72-9BB835D8F660}.Debug|x64.Build.0 = Debug|Any CPU
		{CA987C2C-8E55-45BD-AC72-9BB835D8F660}.Debug|x86.ActiveCfg = Debug|Any CPU
		{CA987C2C-8E55-45BD-AC72-9BB835D8F660}.Debug|x86.Build.0 = Debug|Any CPU
		{CA987C2C-8E55-45BD-AC72-9BB835D8F660}.Release|Any CPU.ActiveCfg = Release|Any CPU
		{CA987C2C-8E55-45BD-AC72-9BB835D8F660}.Release|Any CPU.Build.0 = Release|Any CPU
		{CA987C2C-8E55-45BD-AC72-9BB835D8F660}.Release|x64.ActiveCfg = Release|Any CPU
		{CA987C2C-8E55-45BD-AC72-9BB835D8F660}.Release|x64.Build.0 = Release|Any CPU
		{CA987C2C-8E55-45BD-AC72-9BB835D8F660}.Release|x86.ActiveCfg = Release|Any CPU
		{CA987C2C-8E55-45BD-AC72-9BB835D8F660}.Release|x86.Build.0 = Release|Any CPU
		{21FEE6D3-5EBB-4255-A87E-2946D5F4E6B3}.Debug|Any CPU.ActiveCfg = Debug|Any CPU
		{21FEE6D3-5EBB-4255-A87E-2946D5F4E6B3}.Debug|Any CPU.Build.0 = Debug|Any CPU
		{21FEE6D3-5EBB-4255-A87E-2946D5F4E6B3}.Debug|x64.ActiveCfg = Debug|Any CPU
		{21FEE6D3-5EBB-4255-A87E-2946D5F4E6B3}.Debug|x64.Build.0 = Debug|Any CPU
		{21FEE6D3-5EBB-4255-A87E-2946D5F4E6B3}.Debug|x86.ActiveCfg = Debug|Any CPU
		{21FEE6D3-5EBB-4255-A87E-2946D5F4E6B3}.Debug|x86.Build.0 = Debug|Any CPU
		{21FEE6D3-5EBB-4255-A87E-2946D5F4E6B3}.Release|Any CPU.ActiveCfg = Release|Any CPU
		{21FEE6D3-5EBB-4255-A87E-2946D5F4E6B3}.Release|Any CPU.Build.0 = Release|Any CPU
		{21FEE6D3-5EBB-4255-A87E-2946D5F4E6B3}.Release|x64.ActiveCfg = Release|Any CPU
		{21FEE6D3-5EBB-4255-A87E-2946D5F4E6B3}.Release|x64.Build.0 = Release|Any CPU
		{21FEE6D3-5EBB-4255-A87E-2946D5F4E6B3}.Release|x86.ActiveCfg = Release|Any CPU
		{21FEE6D3-5EBB-4255-A87E-2946D5F4E6B3}.Release|x86.Build.0 = Release|Any CPU
		{35A5BCA1-F5C2-49FC-A156-EF6C1A500B7D}.Debug|Any CPU.ActiveCfg = Debug|Any CPU
		{35A5BCA1-F5C2-49FC-A156-EF6C1A500B7D}.Debug|Any CPU.Build.0 = Debug|Any CPU
		{35A5BCA1-F5C2-49FC-A156-EF6C1A500B7D}.Debug|x64.ActiveCfg = Debug|Any CPU
		{35A5BCA1-F5C2-49FC-A156-EF6C1A500B7D}.Debug|x64.Build.0 = Debug|Any CPU
		{35A5BCA1-F5C2-49FC-A156-EF6C1A500B7D}.Debug|x86.ActiveCfg = Debug|Any CPU
		{35A5BCA1-F5C2-49FC-A156-EF6C1A500B7D}.Debug|x86.Build.0 = Debug|Any CPU
		{35A5BCA1-F5C2-49FC-A156-EF6C1A500B7D}.Release|Any CPU.ActiveCfg = Release|Any CPU
		{35A5BCA1-F5C2-49FC-A156-EF6C1A500B7D}.Release|Any CPU.Build.0 = Release|Any CPU
		{35A5BCA1-F5C2-49FC-A156-EF6C1A500B7D}.Release|x64.ActiveCfg = Release|Any CPU
		{35A5BCA1-F5C2-49FC-A156-EF6C1A500B7D}.Release|x64.Build.0 = Release|Any CPU
		{35A5BCA1-F5C2-49FC-A156-EF6C1A500B7D}.Release|x86.ActiveCfg = Release|Any CPU
		{35A5BCA1-F5C2-49FC-A156-EF6C1A500B7D}.Release|x86.Build.0 = Release|Any CPU
		{E3C66F98-891B-49E6-9D9F-A8C66A52C28A}.Debug|Any CPU.ActiveCfg = Debug|Any CPU
		{E3C66F98-891B-49E6-9D9F-A8C66A52C28A}.Debug|Any CPU.Build.0 = Debug|Any CPU
		{E3C66F98-891B-49E6-9D9F-A8C66A52C28A}.Debug|x64.ActiveCfg = Debug|Any CPU
		{E3C66F98-891B-49E6-9D9F-A8C66A52C28A}.Debug|x64.Build.0 = Debug|Any CPU
		{E3C66F98-891B-49E6-9D9F-A8C66A52C28A}.Debug|x86.ActiveCfg = Debug|Any CPU
		{E3C66F98-891B-49E6-9D9F-A8C66A52C28A}.Debug|x86.Build.0 = Debug|Any CPU
		{E3C66F98-891B-49E6-9D9F-A8C66A52C28A}.Release|Any CPU.ActiveCfg = Release|Any CPU
		{E3C66F98-891B-49E6-9D9F-A8C66A52C28A}.Release|Any CPU.Build.0 = Release|Any CPU
		{E3C66F98-891B-49E6-9D9F-A8C66A52C28A}.Release|x64.ActiveCfg = Release|Any CPU
		{E3C66F98-891B-49E6-9D9F-A8C66A52C28A}.Release|x64.Build.0 = Release|Any CPU
		{E3C66F98-891B-49E6-9D9F-A8C66A52C28A}.Release|x86.ActiveCfg = Release|Any CPU
		{E3C66F98-891B-49E6-9D9F-A8C66A52C28A}.Release|x86.Build.0 = Release|Any CPU
		{76F39225-08CB-4779-9FE6-30226462946F}.Debug|Any CPU.ActiveCfg = Debug|Any CPU
		{76F39225-08CB-4779-9FE6-30226462946F}.Debug|Any CPU.Build.0 = Debug|Any CPU
		{76F39225-08CB-4779-9FE6-30226462946F}.Debug|x64.ActiveCfg = Debug|Any CPU
		{76F39225-08CB-4779-9FE6-30226462946F}.Debug|x64.Build.0 = Debug|Any CPU
		{76F39225-08CB-4779-9FE6-30226462946F}.Debug|x86.ActiveCfg = Debug|Any CPU
		{76F39225-08CB-4779-9FE6-30226462946F}.Debug|x86.Build.0 = Debug|Any CPU
		{76F39225-08CB-4779-9FE6-30226462946F}.Release|Any CPU.ActiveCfg = Release|Any CPU
		{76F39225-08CB-4779-9FE6-30226462946F}.Release|Any CPU.Build.0 = Release|Any CPU
		{76F39225-08CB-4779-9FE6-30226462946F}.Release|x64.ActiveCfg = Release|Any CPU
		{76F39225-08CB-4779-9FE6-30226462946F}.Release|x64.Build.0 = Release|Any CPU
		{76F39225-08CB-4779-9FE6-30226462946F}.Release|x86.ActiveCfg = Release|Any CPU
		{76F39225-08CB-4779-9FE6-30226462946F}.Release|x86.Build.0 = Release|Any CPU
	EndGlobalSection
	GlobalSection(SolutionProperties) = preSolution
		HideSolutionNode = FALSE
	EndGlobalSection
	GlobalSection(NestedProjects) = preSolution
		{22BAF98C-8415-17C4-B26A-D537657BC863} = {827E0CD3-B72D-47B6-A68D-7590B98EB39B}
		{CA987C2C-8E55-45BD-AC72-9BB835D8F660} = {22BAF98C-8415-17C4-B26A-D537657BC863}
		{21FEE6D3-5EBB-4255-A87E-2946D5F4E6B3} = {22BAF98C-8415-17C4-B26A-D537657BC863}
		{35A5BCA1-F5C2-49FC-A156-EF6C1A500B7D} = {22BAF98C-8415-17C4-B26A-D537657BC863}
		{E3C66F98-891B-49E6-9D9F-A8C66A52C28A} = {22BAF98C-8415-17C4-B26A-D537657BC863}
	EndGlobalSection
EndGlobal
