
Microsoft Visual Studio Solution File, Format Version 12.00
Project("{FAE04EC0-301F-11D3-BF4B-00C04F79EFBC}") = "AuthService.WebApi", "AuthService.WebApi\AuthService.WebApi.csproj", "{93C0115F-007B-43C6-9B65-6DB1CFC6073B}"
EndProject
Project("{2150E333-8FDC-42A3-9474-1A3956D46DE8}") = "src", "src", "{827E0CD3-B72D-47B6-A68D-7590B98EB39B}"
EndProject
Project("{2150E333-8FDC-42A3-9474-1A3956D46DE8}") = "application", "application", "{22BAF98C-8415-17C4-B26A-D537657BC863}"
EndProject
Project("{FAE04EC0-301F-11D3-BF4B-00C04F79EFBC}") = "AuthService.Application", "src\application\AuthService.Application.csproj", "{08465EA2-D77F-48DF-8818-0599F434AFE1}"
EndProject
Project("{FAE04EC0-301F-11D3-BF4B-00C04F79EFBC}") = "AuthService.Domain", "src\domain\AuthService.Domain.csproj", "{4275AABF-3119-44CB-AAF6-BF94FBA8E395}"
EndProject
Project("{FAE04EC0-301F-11D3-BF4B-00C04F79EFBC}") = "AuthService.Infra.Data", "src\infra\AuthService.Infra.Data.csproj", "{30857B3E-377C-4C66-84A7-5C56F32FEAA3}"
EndProject
Project("{FAE04EC0-301F-11D3-BF4B-00C04F79EFBC}") = "AuthService.WebApi", "src\webApi\AuthService.WebApi.csproj", "{6D3511CF-8471-4E54-9BE1-B12983D5FABA}"
EndProject
Project("{2150E333-8FDC-42A3-9474-1A3956D46DE8}") = "Tests", "Tests", "{3E058E5A-D0B8-47A0-B849-721DB27106DE}"
EndProject
Project("{FAE04EC0-301F-11D3-BF4B-00C04F79EFBC}") = "Application.Tests", "Application.Tests\Application.Tests.csproj", "{3DCA24E1-E4A7-45A7-BB8D-590F51181987}"
EndProject
Project("{FAE04EC0-301F-11D3-BF4B-00C04F79EFBC}") = "Infra.Tests", "Infra.Tests\Infra.Tests.csproj", "{DE2A764C-D23C-441B-A702-31248061F569}"
EndProject
Project("{FAE04EC0-301F-11D3-BF4B-00C04F79EFBC}") = "WebApi.Tests", "WebApi.Tests\WebApi.Tests.csproj", "{5C853E42-DC13-4091-B557-2CD7772AD590}"
EndProject
Project("{FAE04EC0-301F-11D3-BF4B-00C04F79EFBC}") = "AuthService.Infra.IoC", "AuthService.Infra.IoC\AuthService.Infra.IoC.csproj", "{27F5DD52-01CB-4C5E-ADB8-2859B8BA87C6}"
EndProject
Global
	GlobalSection(SolutionConfigurationPlatforms) = preSolution
		Debug|Any CPU = Debug|Any CPU
		Debug|x64 = Debug|x64
		Debug|x86 = Debug|x86
		Release|Any CPU = Release|Any CPU
		Release|x64 = Release|x64
		Release|x86 = Release|x86
	EndGlobalSection
	GlobalSection(ProjectConfigurationPlatforms) = postSolution
		{93C0115F-007B-43C6-9B65-6DB1CFC6073B}.Debug|Any CPU.ActiveCfg = Debug|Any CPU
		{93C0115F-007B-43C6-9B65-6DB1CFC6073B}.Debug|Any CPU.Build.0 = Debug|Any CPU
		{93C0115F-007B-43C6-9B65-6DB1CFC6073B}.Debug|x64.ActiveCfg = Debug|Any CPU
		{93C0115F-007B-43C6-9B65-6DB1CFC6073B}.Debug|x64.Build.0 = Debug|Any CPU
		{93C0115F-007B-43C6-9B65-6DB1CFC6073B}.Debug|x86.ActiveCfg = Debug|Any CPU
		{93C0115F-007B-43C6-9B65-6DB1CFC6073B}.Debug|x86.Build.0 = Debug|Any CPU
		{93C0115F-007B-43C6-9B65-6DB1CFC6073B}.Release|Any CPU.ActiveCfg = Release|Any CPU
		{93C0115F-007B-43C6-9B65-6DB1CFC6073B}.Release|Any CPU.Build.0 = Release|Any CPU
		{93C0115F-007B-43C6-9B65-6DB1CFC6073B}.Release|x64.ActiveCfg = Release|Any CPU
		{93C0115F-007B-43C6-9B65-6DB1CFC6073B}.Release|x64.Build.0 = Release|Any CPU
		{93C0115F-007B-43C6-9B65-6DB1CFC6073B}.Release|x86.ActiveCfg = Release|Any CPU
		{93C0115F-007B-43C6-9B65-6DB1CFC6073B}.Release|x86.Build.0 = Release|Any CPU
		{08465EA2-D77F-48DF-8818-0599F434AFE1}.Debug|Any CPU.ActiveCfg = Debug|Any CPU
		{08465EA2-D77F-48DF-8818-0599F434AFE1}.Debug|Any CPU.Build.0 = Debug|Any CPU
		{08465EA2-D77F-48DF-8818-0599F434AFE1}.Debug|x64.ActiveCfg = Debug|Any CPU
		{08465EA2-D77F-48DF-8818-0599F434AFE1}.Debug|x64.Build.0 = Debug|Any CPU
		{08465EA2-D77F-48DF-8818-0599F434AFE1}.Debug|x86.ActiveCfg = Debug|Any CPU
		{08465EA2-D77F-48DF-8818-0599F434AFE1}.Debug|x86.Build.0 = Debug|Any CPU
		{08465EA2-D77F-48DF-8818-0599F434AFE1}.Release|Any CPU.ActiveCfg = Release|Any CPU
		{08465EA2-D77F-48DF-8818-0599F434AFE1}.Release|Any CPU.Build.0 = Release|Any CPU
		{08465EA2-D77F-48DF-8818-0599F434AFE1}.Release|x64.ActiveCfg = Release|Any CPU
		{08465EA2-D77F-48DF-8818-0599F434AFE1}.Release|x64.Build.0 = Release|Any CPU
		{08465EA2-D77F-48DF-8818-0599F434AFE1}.Release|x86.ActiveCfg = Release|Any CPU
		{08465EA2-D77F-48DF-8818-0599F434AFE1}.Release|x86.Build.0 = Release|Any CPU
		{4275AABF-3119-44CB-AAF6-BF94FBA8E395}.Debug|Any CPU.ActiveCfg = Debug|Any CPU
		{4275AABF-3119-44CB-AAF6-BF94FBA8E395}.Debug|Any CPU.Build.0 = Debug|Any CPU
		{4275AABF-3119-44CB-AAF6-BF94FBA8E395}.Debug|x64.ActiveCfg = Debug|Any CPU
		{4275AABF-3119-44CB-AAF6-BF94FBA8E395}.Debug|x64.Build.0 = Debug|Any CPU
		{4275AABF-3119-44CB-AAF6-BF94FBA8E395}.Debug|x86.ActiveCfg = Debug|Any CPU
		{4275AABF-3119-44CB-AAF6-BF94FBA8E395}.Debug|x86.Build.0 = Debug|Any CPU
		{4275AABF-3119-44CB-AAF6-BF94FBA8E395}.Release|Any CPU.ActiveCfg = Release|Any CPU
		{4275AABF-3119-44CB-AAF6-BF94FBA8E395}.Release|Any CPU.Build.0 = Release|Any CPU
		{4275AABF-3119-44CB-AAF6-BF94FBA8E395}.Release|x64.ActiveCfg = Release|Any CPU
		{4275AABF-3119-44CB-AAF6-BF94FBA8E395}.Release|x64.Build.0 = Release|Any CPU
		{4275AABF-3119-44CB-AAF6-BF94FBA8E395}.Release|x86.ActiveCfg = Release|Any CPU
		{4275AABF-3119-44CB-AAF6-BF94FBA8E395}.Release|x86.Build.0 = Release|Any CPU
		{30857B3E-377C-4C66-84A7-5C56F32FEAA3}.Debug|Any CPU.ActiveCfg = Debug|Any CPU
		{30857B3E-377C-4C66-84A7-5C56F32FEAA3}.Debug|Any CPU.Build.0 = Debug|Any CPU
		{30857B3E-377C-4C66-84A7-5C56F32FEAA3}.Debug|x64.ActiveCfg = Debug|Any CPU
		{30857B3E-377C-4C66-84A7-5C56F32FEAA3}.Debug|x64.Build.0 = Debug|Any CPU
		{30857B3E-377C-4C66-84A7-5C56F32FEAA3}.Debug|x86.ActiveCfg = Debug|Any CPU
		{30857B3E-377C-4C66-84A7-5C56F32FEAA3}.Debug|x86.Build.0 = Debug|Any CPU
		{30857B3E-377C-4C66-84A7-5C56F32FEAA3}.Release|Any CPU.ActiveCfg = Release|Any CPU
		{30857B3E-377C-4C66-84A7-5C56F32FEAA3}.Release|Any CPU.Build.0 = Release|Any CPU
		{30857B3E-377C-4C66-84A7-5C56F32FEAA3}.Release|x64.ActiveCfg = Release|Any CPU
		{30857B3E-377C-4C66-84A7-5C56F32FEAA3}.Release|x64.Build.0 = Release|Any CPU
		{30857B3E-377C-4C66-84A7-5C56F32FEAA3}.Release|x86.ActiveCfg = Release|Any CPU
		{30857B3E-377C-4C66-84A7-5C56F32FEAA3}.Release|x86.Build.0 = Release|Any CPU
		{6D3511CF-8471-4E54-9BE1-B12983D5FABA}.Debug|Any CPU.ActiveCfg = Debug|Any CPU
		{6D3511CF-8471-4E54-9BE1-B12983D5FABA}.Debug|Any CPU.Build.0 = Debug|Any CPU
		{6D3511CF-8471-4E54-9BE1-B12983D5FABA}.Debug|x64.ActiveCfg = Debug|Any CPU
		{6D3511CF-8471-4E54-9BE1-B12983D5FABA}.Debug|x64.Build.0 = Debug|Any CPU
		{6D3511CF-8471-4E54-9BE1-B12983D5FABA}.Debug|x86.ActiveCfg = Debug|Any CPU
		{6D3511CF-8471-4E54-9BE1-B12983D5FABA}.Debug|x86.Build.0 = Debug|Any CPU
		{6D3511CF-8471-4E54-9BE1-B12983D5FABA}.Release|Any CPU.ActiveCfg = Release|Any CPU
		{6D3511CF-8471-4E54-9BE1-B12983D5FABA}.Release|Any CPU.Build.0 = Release|Any CPU
		{6D3511CF-8471-4E54-9BE1-B12983D5FABA}.Release|x64.ActiveCfg = Release|Any CPU
		{6D3511CF-8471-4E54-9BE1-B12983D5FABA}.Release|x64.Build.0 = Release|Any CPU
		{6D3511CF-8471-4E54-9BE1-B12983D5FABA}.Release|x86.ActiveCfg = Release|Any CPU
		{6D3511CF-8471-4E54-9BE1-B12983D5FABA}.Release|x86.Build.0 = Release|Any CPU
		{3DCA24E1-E4A7-45A7-BB8D-590F51181987}.Debug|Any CPU.ActiveCfg = Debug|Any CPU
		{3DCA24E1-E4A7-45A7-BB8D-590F51181987}.Debug|Any CPU.Build.0 = Debug|Any CPU
		{3DCA24E1-E4A7-45A7-BB8D-590F51181987}.Debug|x64.ActiveCfg = Debug|Any CPU
		{3DCA24E1-E4A7-45A7-BB8D-590F51181987}.Debug|x64.Build.0 = Debug|Any CPU
		{3DCA24E1-E4A7-45A7-BB8D-590F51181987}.Debug|x86.ActiveCfg = Debug|Any CPU
		{3DCA24E1-E4A7-45A7-BB8D-590F51181987}.Debug|x86.Build.0 = Debug|Any CPU
		{3DCA24E1-E4A7-45A7-BB8D-590F51181987}.Release|Any CPU.ActiveCfg = Release|Any CPU
		{3DCA24E1-E4A7-45A7-BB8D-590F51181987}.Release|Any CPU.Build.0 = Release|Any CPU
		{3DCA24E1-E4A7-45A7-BB8D-590F51181987}.Release|x64.ActiveCfg = Release|Any CPU
		{3DCA24E1-E4A7-45A7-BB8D-590F51181987}.Release|x64.Build.0 = Release|Any CPU
		{3DCA24E1-E4A7-45A7-BB8D-590F51181987}.Release|x86.ActiveCfg = Release|Any CPU
		{3DCA24E1-E4A7-45A7-BB8D-590F51181987}.Release|x86.Build.0 = Release|Any CPU
		{DE2A764C-D23C-441B-A702-31248061F569}.Debug|Any CPU.ActiveCfg = Debug|Any CPU
		{DE2A764C-D23C-441B-A702-31248061F569}.Debug|Any CPU.Build.0 = Debug|Any CPU
		{DE2A764C-D23C-441B-A702-31248061F569}.Debug|x64.ActiveCfg = Debug|Any CPU
		{DE2A764C-D23C-441B-A702-31248061F569}.Debug|x64.Build.0 = Debug|Any CPU
		{DE2A764C-D23C-441B-A702-31248061F569}.Debug|x86.ActiveCfg = Debug|Any CPU
		{DE2A764C-D23C-441B-A702-31248061F569}.Debug|x86.Build.0 = Debug|Any CPU
		{DE2A764C-D23C-441B-A702-31248061F569}.Release|Any CPU.ActiveCfg = Release|Any CPU
		{DE2A764C-D23C-441B-A702-31248061F569}.Release|Any CPU.Build.0 = Release|Any CPU
		{DE2A764C-D23C-441B-A702-31248061F569}.Release|x64.ActiveCfg = Release|Any CPU
		{DE2A764C-D23C-441B-A702-31248061F569}.Release|x64.Build.0 = Release|Any CPU
		{DE2A764C-D23C-441B-A702-31248061F569}.Release|x86.ActiveCfg = Release|Any CPU
		{DE2A764C-D23C-441B-A702-31248061F569}.Release|x86.Build.0 = Release|Any CPU
		{5C853E42-DC13-4091-B557-2CD7772AD590}.Debug|Any CPU.ActiveCfg = Debug|Any CPU
		{5C853E42-DC13-4091-B557-2CD7772AD590}.Debug|Any CPU.Build.0 = Debug|Any CPU
		{5C853E42-DC13-4091-B557-2CD7772AD590}.Debug|x64.ActiveCfg = Debug|Any CPU
		{5C853E42-DC13-4091-B557-2CD7772AD590}.Debug|x64.Build.0 = Debug|Any CPU
		{5C853E42-DC13-4091-B557-2CD7772AD590}.Debug|x86.ActiveCfg = Debug|Any CPU
		{5C853E42-DC13-4091-B557-2CD7772AD590}.Debug|x86.Build.0 = Debug|Any CPU
		{5C853E42-DC13-4091-B557-2CD7772AD590}.Release|Any CPU.ActiveCfg = Release|Any CPU
		{5C853E42-DC13-4091-B557-2CD7772AD590}.Release|Any CPU.Build.0 = Release|Any CPU
		{5C853E42-DC13-4091-B557-2CD7772AD590}.Release|x64.ActiveCfg = Release|Any CPU
		{5C853E42-DC13-4091-B557-2CD7772AD590}.Release|x64.Build.0 = Release|Any CPU
		{5C853E42-DC13-4091-B557-2CD7772AD590}.Release|x86.ActiveCfg = Release|Any CPU
		{5C853E42-DC13-4091-B557-2CD7772AD590}.Release|x86.Build.0 = Release|Any CPU
		{27F5DD52-01CB-4C5E-ADB8-2859B8BA87C6}.Debug|Any CPU.ActiveCfg = Debug|Any CPU
		{27F5DD52-01CB-4C5E-ADB8-2859B8BA87C6}.Debug|Any CPU.Build.0 = Debug|Any CPU
		{27F5DD52-01CB-4C5E-ADB8-2859B8BA87C6}.Debug|x64.ActiveCfg = Debug|Any CPU
		{27F5DD52-01CB-4C5E-ADB8-2859B8BA87C6}.Debug|x64.Build.0 = Debug|Any CPU
		{27F5DD52-01CB-4C5E-ADB8-2859B8BA87C6}.Debug|x86.ActiveCfg = Debug|Any CPU
		{27F5DD52-01CB-4C5E-ADB8-2859B8BA87C6}.Debug|x86.Build.0 = Debug|Any CPU
		{27F5DD52-01CB-4C5E-ADB8-2859B8BA87C6}.Release|Any CPU.ActiveCfg = Release|Any CPU
		{27F5DD52-01CB-4C5E-ADB8-2859B8BA87C6}.Release|Any CPU.Build.0 = Release|Any CPU
		{27F5DD52-01CB-4C5E-ADB8-2859B8BA87C6}.Release|x64.ActiveCfg = Release|Any CPU
		{27F5DD52-01CB-4C5E-ADB8-2859B8BA87C6}.Release|x64.Build.0 = Release|Any CPU
		{27F5DD52-01CB-4C5E-ADB8-2859B8BA87C6}.Release|x86.ActiveCfg = Release|Any CPU
		{27F5DD52-01CB-4C5E-ADB8-2859B8BA87C6}.Release|x86.Build.0 = Release|Any CPU
	EndGlobalSection
	GlobalSection(SolutionProperties) = preSolution
		HideSolutionNode = FALSE
	EndGlobalSection
	GlobalSection(NestedProjects) = preSolution
		{22BAF98C-8415-17C4-B26A-D537657BC863} = {827E0CD3-B72D-47B6-A68D-7590B98EB39B}
		{08465EA2-D77F-48DF-8818-0599F434AFE1} = {22BAF98C-8415-17C4-B26A-D537657BC863}
		{4275AABF-3119-44CB-AAF6-BF94FBA8E395} = {22BAF98C-8415-17C4-B26A-D537657BC863}
		{30857B3E-377C-4C66-84A7-5C56F32FEAA3} = {22BAF98C-8415-17C4-B26A-D537657BC863}
		{6D3511CF-8471-4E54-9BE1-B12983D5FABA} = {22BAF98C-8415-17C4-B26A-D537657BC863}
		{3DCA24E1-E4A7-45A7-BB8D-590F51181987} = {3E058E5A-D0B8-47A0-B849-721DB27106DE}
		{DE2A764C-D23C-441B-A702-31248061F569} = {3E058E5A-D0B8-47A0-B849-721DB27106DE}
		{5C853E42-DC13-4091-B557-2CD7772AD590} = {3E058E5A-D0B8-47A0-B849-721DB27106DE}
		{27F5DD52-01CB-4C5E-ADB8-2859B8BA87C6} = {22BAF98C-8415-17C4-B26A-D537657BC863}
	EndGlobalSection
EndGlobal
